
Microsoft Visual Studio Solution File, Format Version 12.00
# Visual Studio Version 17
VisualStudioVersion = 17.4.33213.308
MinimumVisualStudioVersion = 10.0.40219.1
Project("{FAE04EC0-301F-11D3-BF4B-00C04F79EFBC}") = "API-JSON", "API-JSON\API-JSON.csproj", "{A27EBBB4-8BEA-480B-A354-9799C1DCCAB0}"
EndProject
Global
	GlobalSection(SolutionConfigurationPlatforms) = preSolution
		Debug|Any CPU = Debug|Any CPU
		Release|Any CPU = Release|Any CPU
	EndGlobalSection
	GlobalSection(ProjectConfigurationPlatforms) = postSolution
		{A27EBBB4-8BEA-480B-A354-9799C1DCCAB0}.Debug|Any CPU.ActiveCfg = Debug|Any CPU
		{A27EBBB4-8BEA-480B-A354-9799C1DCCAB0}.Debug|Any CPU.Build.0 = Debug|Any CPU
		{A27EBBB4-8BEA-480B-A354-9799C1DCCAB0}.Release|Any CPU.ActiveCfg = Release|Any CPU
		{A27EBBB4-8BEA-480B-A354-9799C1DCCAB0}.Release|Any CPU.Build.0 = Release|Any CPU
	EndGlobalSection
	GlobalSection(SolutionProperties) = preSolution
		HideSolutionNode = FALSE
	EndGlobalSection
	GlobalSection(ExtensibilityGlobals) = postSolution
		SolutionGuid = {DFDC415C-6920-4FEB-8603-30E2A47E682E}
	EndGlobalSection
EndGlobal
